// !$*UTF8*$!
{
	archiveVersion = 1;
	classes = {
	};
	objectVersion = 56;
	objects = {

/* Begin PBXBuildFile section */
		BD6A019F2C120CDC005A4B9D /* aboutMeAppApp.swift in Sources */ = {isa = PBXBuildFile; fileRef = BD6A019E2C120CDC005A4B9D /* aboutMeAppApp.swift */; };
		BD6A01A12C120CDC005A4B9D /* ContentView.swift in Sources */ = {isa = PBXBuildFile; fileRef = BD6A01A02C120CDC005A4B9D /* ContentView.swift */; };
		BD6A01A32C120CDE005A4B9D /* Assets.xcassets in Resources */ = {isa = PBXBuildFile; fileRef = BD6A01A22C120CDE005A4B9D /* Assets.xcassets */; };
		BD6A01A62C120CDE005A4B9D /* Preview Assets.xcassets in Resources */ = {isa = PBXBuildFile; fileRef = BD6A01A52C120CDE005A4B9D /* Preview Assets.xcassets */; };
		BD6A01B02C120CDE005A4B9D /* aboutMeAppTests.swift in Sources */ = {isa = PBXBuildFile; fileRef = BD6A01AF2C120CDE005A4B9D /* aboutMeAppTests.swift */; };
		BD6A01BA2C120CDE005A4B9D /* aboutMeAppUITests.swift in Sources */ = {isa = PBXBuildFile; fileRef = BD6A01B92C120CDE005A4B9D /* aboutMeAppUITests.swift */; };
		BD6A01BC2C120CDE005A4B9D /* aboutMeAppUITestsLaunchTests.swift in Sources */ = {isa = PBXBuildFile; fileRef = BD6A01BB2C120CDE005A4B9D /* aboutMeAppUITestsLaunchTests.swift */; };
/* End PBXBuildFile section */

/* Begin PBXContainerItemProxy section */
		BD6A01AC2C120CDE005A4B9D /* PBXContainerItemProxy */ = {
			isa = PBXContainerItemProxy;
			containerPortal = BD6A01932C120CDC005A4B9D /* Project object */;
			proxyType = 1;
			remoteGlobalIDString = BD6A019A2C120CDC005A4B9D;
			remoteInfo = aboutMeApp;
		};
		BD6A01B62C120CDE005A4B9D /* PBXContainerItemProxy */ = {
			isa = PBXContainerItemProxy;
			containerPortal = BD6A01932C120CDC005A4B9D /* Project object */;
			proxyType = 1;
			remoteGlobalIDString = BD6A019A2C120CDC005A4B9D;
			remoteInfo = aboutMeApp;
		};
/* End PBXContainerItemProxy section */

/* Begin PBXFileReference section */
		BD6A019B2C120CDC005A4B9D /* aboutMeApp.app */ = {isa = PBXFileReference; explicitFileType = wrapper.application; includeInIndex = 0; path = aboutMeApp.app; sourceTree = BUILT_PRODUCTS_DIR; };
		BD6A019E2C120CDC005A4B9D /* aboutMeAppApp.swift */ = {isa = PBXFileReference; lastKnownFileType = sourcecode.swift; path = aboutMeAppApp.swift; sourceTree = "<group>"; };
		BD6A01A02C120CDC005A4B9D /* ContentView.swift */ = {isa = PBXFileReference; lastKnownFileType = sourcecode.swift; path = ContentView.swift; sourceTree = "<group>"; };
		BD6A01A22C120CDE005A4B9D /* Assets.xcassets */ = {isa = PBXFileReference; lastKnownFileType = folder.assetcatalog; path = Assets.xcassets; sourceTree = "<group>"; };
		BD6A01A52C120CDE005A4B9D /* Preview Assets.xcassets */ = {isa = PBXFileReference; lastKnownFileType = folder.assetcatalog; path = "Preview Assets.xcassets"; sourceTree = "<group>"; };
		BD6A01AB2C120CDE005A4B9D /* aboutMeAppTests.xctest */ = {isa = PBXFileReference; explicitFileType = wrapper.cfbundle; includeInIndex = 0; path = aboutMeAppTests.xctest; sourceTree = BUILT_PRODUCTS_DIR; };
		BD6A01AF2C120CDE005A4B9D /* aboutMeAppTests.swift */ = {isa = PBXFileReference; lastKnownFileType = sourcecode.swift; path = aboutMeAppTests.swift; sourceTree = "<group>"; };
		BD6A01B52C120CDE005A4B9D /* aboutMeAppUITests.xctest */ = {isa = PBXFileReference; explicitFileType = wrapper.cfbundle; includeInIndex = 0; path = aboutMeAppUITests.xctest; sourceTree = BUILT_PRODUCTS_DIR; };
		BD6A01B92C120CDE005A4B9D /* aboutMeAppUITests.swift */ = {isa = PBXFileReference; lastKnownFileType = sourcecode.swift; path = aboutMeAppUITests.swift; sourceTree = "<group>"; };
		BD6A01BB2C120CDE005A4B9D /* aboutMeAppUITestsLaunchTests.swift */ = {isa = PBXFileReference; lastKnownFileType = sourcecode.swift; path = aboutMeAppUITestsLaunchTests.swift; sourceTree = "<group>"; };
/* End PBXFileReference section */

/* Begin PBXFrameworksBuildPhase section */
		BD6A01982C120CDC005A4B9D /* Frameworks */ = {
			isa = PBXFrameworksBuildPhase;
			buildActionMask = 2147483647;
			files = (
			);
			runOnlyForDeploymentPostprocessing = 0;
		};
		BD6A01A82C120CDE005A4B9D /* Frameworks */ = {
			isa = PBXFrameworksBuildPhase;
			buildActionMask = 2147483647;
			files = (
			);
			runOnlyForDeploymentPostprocessing = 0;
		};
		BD6A01B22C120CDE005A4B9D /* Frameworks */ = {
			isa = PBXFrameworksBuildPhase;
			buildActionMask = 2147483647;
			files = (
			);
			runOnlyForDeploymentPostprocessing = 0;
		};
/* End PBXFrameworksBuildPhase section */

/* Begin PBXGroup section */
		BD6A01922C120CDC005A4B9D = {
			isa = PBXGroup;
			children = (
				BD6A019D2C120CDC005A4B9D /* aboutMeApp */,
				BD6A01AE2C120CDE005A4B9D /* aboutMeAppTests */,
				BD6A01B82C120CDE005A4B9D /* aboutMeAppUITests */,
				BD6A019C2C120CDC005A4B9D /* Products */,
			);
			sourceTree = "<group>";
		};
		BD6A019C2C120CDC005A4B9D /* Products */ = {
			isa = PBXGroup;
			children = (
				BD6A019B2C120CDC005A4B9D /* aboutMeApp.app */,
				BD6A01AB2C120CDE005A4B9D /* aboutMeAppTests.xctest */,
				BD6A01B52C120CDE005A4B9D /* aboutMeAppUITests.xctest */,
			);
			name = Products;
			sourceTree = "<group>";
		};
		BD6A019D2C120CDC005A4B9D /* aboutMeApp */ = {
			isa = PBXGroup;
			children = (
				BD6A019E2C120CDC005A4B9D /* aboutMeAppApp.swift */,
				BD6A01A02C120CDC005A4B9D /* ContentView.swift */,
				BD6A01A22C120CDE005A4B9D /* Assets.xcassets */,
				BD6A01A42C120CDE005A4B9D /* Preview Content */,
			);
			path = aboutMeApp;
			sourceTree = "<group>";
		};
		BD6A01A42C120CDE005A4B9D /* Preview Content */ = {
			isa = PBXGroup;
			children = (
				BD6A01A52C120CDE005A4B9D /* Preview Assets.xcassets */,
			);
			path = "Preview Content";
			sourceTree = "<group>";
		};
		BD6A01AE2C120CDE005A4B9D /* aboutMeAppTests */ = {
			isa = PBXGroup;
			children = (
				BD6A01AF2C120CDE005A4B9D /* aboutMeAppTests.swift */,
			);
			path = aboutMeAppTests;
			sourceTree = "<group>";
		};
		BD6A01B82C120CDE005A4B9D /* aboutMeAppUITests */ = {
			isa = PBXGroup;
			children = (
				BD6A01B92C120CDE005A4B9D /* aboutMeAppUITests.swift */,
				BD6A01BB2C120CDE005A4B9D /* aboutMeAppUITestsLaunchTests.swift */,
			);
			path = aboutMeAppUITests;
			sourceTree = "<group>";
		};
/* End PBXGroup section */

/* Begin PBXNativeTarget section */
		BD6A019A2C120CDC005A4B9D /* aboutMeApp */ = {
			isa = PBXNativeTarget;
			buildConfigurationList = BD6A01BF2C120CDE005A4B9D /* Build configuration list for PBXNativeTarget "aboutMeApp" */;
			buildPhases = (
				BD6A01972C120CDC005A4B9D /* Sources */,
				BD6A01982C120CDC005A4B9D /* Frameworks */,
				BD6A01992C120CDC005A4B9D /* Resources */,
			);
			buildRules = (
			);
			dependencies = (
			);
			name = aboutMeApp;
			productName = aboutMeApp;
			productReference = BD6A019B2C120CDC005A4B9D /* aboutMeApp.app */;
			productType = "com.apple.product-type.application";
		};
		BD6A01AA2C120CDE005A4B9D /* aboutMeAppTests */ = {
			isa = PBXNativeTarget;
			buildConfigurationList = BD6A01C22C120CDE005A4B9D /* Build configuration list for PBXNativeTarget "aboutMeAppTests" */;
			buildPhases = (
				BD6A01A72C120CDE005A4B9D /* Sources */,
				BD6A01A82C120CDE005A4B9D /* Frameworks */,
				BD6A01A92C120CDE005A4B9D /* Resources */,
			);
			buildRules = (
			);
			dependencies = (
				BD6A01AD2C120CDE005A4B9D /* PBXTargetDependency */,
			);
			name = aboutMeAppTests;
			productName = aboutMeAppTests;
			productReference = BD6A01AB2C120CDE005A4B9D /* aboutMeAppTests.xctest */;
			productType = "com.apple.product-type.bundle.unit-test";
		};
		BD6A01B42C120CDE005A4B9D /* aboutMeAppUITests */ = {
			isa = PBXNativeTarget;
			buildConfigurationList = BD6A01C52C120CDE005A4B9D /* Build configuration list for PBXNativeTarget "aboutMeAppUITests" */;
			buildPhases = (
				BD6A01B12C120CDE005A4B9D /* Sources */,
				BD6A01B22C120CDE005A4B9D /* Frameworks */,
				BD6A01B32C120CDE005A4B9D /* Resources */,
			);
			buildRules = (
			);
			dependencies = (
				BD6A01B72C120CDE005A4B9D /* PBXTargetDependency */,
			);
			name = aboutMeAppUITests;
			productName = aboutMeAppUITests;
			productReference = BD6A01B52C120CDE005A4B9D /* aboutMeAppUITests.xctest */;
			productType = "com.apple.product-type.bundle.ui-testing";
		};
/* End PBXNativeTarget section */

/* Begin PBXProject section */
		BD6A01932C120CDC005A4B9D /* Project object */ = {
			isa = PBXProject;
			attributes = {
				BuildIndependentTargetsInParallel = 1;
				LastSwiftUpdateCheck = 1540;
				LastUpgradeCheck = 1540;
				TargetAttributes = {
					BD6A019A2C120CDC005A4B9D = {
						CreatedOnToolsVersion = 15.4;
					};
					BD6A01AA2C120CDE005A4B9D = {
						CreatedOnToolsVersion = 15.4;
						TestTargetID = BD6A019A2C120CDC005A4B9D;
					};
					BD6A01B42C120CDE005A4B9D = {
						CreatedOnToolsVersion = 15.4;
						TestTargetID = BD6A019A2C120CDC005A4B9D;
					};
				};
			};
			buildConfigurationList = BD6A01962C120CDC005A4B9D /* Build configuration list for PBXProject "aboutMeApp" */;
			compatibilityVersion = "Xcode 14.0";
			developmentRegion = en;
			hasScannedForEncodings = 0;
			knownRegions = (
				en,
				Base,
			);
			mainGroup = BD6A01922C120CDC005A4B9D;
			productRefGroup = BD6A019C2C120CDC005A4B9D /* Products */;
			projectDirPath = "";
			projectRoot = "";
			targets = (
				BD6A019A2C120CDC005A4B9D /* aboutMeApp */,
				BD6A01AA2C120CDE005A4B9D /* aboutMeAppTests */,
				BD6A01B42C120CDE005A4B9D /* aboutMeAppUITests */,
			);
		};
/* End PBXProject section */

/* Begin PBXResourcesBuildPhase section */
		BD6A01992C120CDC005A4B9D /* Resources */ = {
			isa = PBXResourcesBuildPhase;
			buildActionMask = 2147483647;
			files = (
				BD6A01A62C120CDE005A4B9D /* Preview Assets.xcassets in Resources */,
				BD6A01A32C120CDE005A4B9D /* Assets.xcassets in Resources */,
			);
			runOnlyForDeploymentPostprocessing = 0;
		};
		BD6A01A92C120CDE005A4B9D /* Resources */ = {
			isa = PBXResourcesBuildPhase;
			buildActionMask = 2147483647;
			files = (
			);
			runOnlyForDeploymentPostprocessing = 0;
		};
		BD6A01B32C120CDE005A4B9D /* Resources */ = {
			isa = PBXResourcesBuildPhase;
			buildActionMask = 2147483647;
			files = (
			);
			runOnlyForDeploymentPostprocessing = 0;
		};
/* End PBXResourcesBuildPhase section */

/* Begin PBXSourcesBuildPhase section */
		BD6A01972C120CDC005A4B9D /* Sources */ = {
			isa = PBXSourcesBuildPhase;
			buildActionMask = 2147483647;
			files = (
				BD6A01A12C120CDC005A4B9D /* ContentView.swift in Sources */,
				BD6A019F2C120CDC005A4B9D /* aboutMeAppApp.swift in Sources */,
			);
			runOnlyForDeploymentPostprocessing = 0;
		};
		BD6A01A72C120CDE005A4B9D /* Sources */ = {
			isa = PBXSourcesBuildPhase;
			buildActionMask = 2147483647;
			files = (
				BD6A01B02C120CDE005A4B9D /* aboutMeAppTests.swift in Sources */,
			);
			runOnlyForDeploymentPostprocessing = 0;
		};
		BD6A01B12C120CDE005A4B9D /* Sources */ = {
			isa = PBXSourcesBuildPhase;
			buildActionMask = 2147483647;
			files = (
				BD6A01BC2C120CDE005A4B9D /* aboutMeAppUITestsLaunchTests.swift in Sources */,
				BD6A01BA2C120CDE005A4B9D /* aboutMeAppUITests.swift in Sources */,
			);
			runOnlyForDeploymentPostprocessing = 0;
		};
/* End PBXSourcesBuildPhase section */

/* Begin PBXTargetDependency section */
		BD6A01AD2C120CDE005A4B9D /* PBXTargetDependency */ = {
			isa = PBXTargetDependency;
			target = BD6A019A2C120CDC005A4B9D /* aboutMeApp */;
			targetProxy = BD6A01AC2C120CDE005A4B9D /* PBXContainerItemProxy */;
		};
		BD6A01B72C120CDE005A4B9D /* PBXTargetDependency */ = {
			isa = PBXTargetDependency;
			target = BD6A019A2C120CDC005A4B9D /* aboutMeApp */;
			targetProxy = BD6A01B62C120CDE005A4B9D /* PBXContainerItemProxy */;
		};
/* End PBXTargetDependency section */

/* Begin XCBuildConfiguration section */
		BD6A01BD2C120CDE005A4B9D /* Debug */ = {
			isa = XCBuildConfiguration;
			buildSettings = {
				ALWAYS_SEARCH_USER_PATHS = NO;
				ASSETCATALOG_COMPILER_GENERATE_SWIFT_ASSET_SYMBOL_EXTENSIONS = YES;
				CLANG_ANALYZER_NONNULL = YES;
				CLANG_ANALYZER_NUMBER_OBJECT_CONVERSION = YES_AGGRESSIVE;
				CLANG_CXX_LANGUAGE_STANDARD = "gnu++20";
				CLANG_ENABLE_MODULES = YES;
				CLANG_ENABLE_OBJC_ARC = YES;
				CLANG_ENABLE_OBJC_WEAK = YES;
				CLANG_WARN_BLOCK_CAPTURE_AUTORELEASING = YES;
				CLANG_WARN_BOOL_CONVERSION = YES;
				CLANG_WARN_COMMA = YES;
				CLANG_WARN_CONSTANT_CONVERSION = YES;
				CLANG_WARN_DEPRECATED_OBJC_IMPLEMENTATIONS = YES;
				CLANG_WARN_DIRECT_OBJC_ISA_USAGE = YES_ERROR;
				CLANG_WARN_DOCUMENTATION_COMMENTS = YES;
				CLANG_WARN_EMPTY_BODY = YES;
				CLANG_WARN_ENUM_CONVERSION = YES;
				CLANG_WARN_INFINITE_RECURSION = YES;
				CLANG_WARN_INT_CONVERSION = YES;
				CLANG_WARN_NON_LITERAL_NULL_CONVERSION = YES;
				CLANG_WARN_OBJC_IMPLICIT_RETAIN_SELF = YES;
				CLANG_WARN_OBJC_LITERAL_CONVERSION = YES;
				CLANG_WARN_OBJC_ROOT_CLASS = YES_ERROR;
				CLANG_WARN_QUOTED_INCLUDE_IN_FRAMEWORK_HEADER = YES;
				CLANG_WARN_RANGE_LOOP_ANALYSIS = YES;
				CLANG_WARN_STRICT_PROTOTYPES = YES;
				CLANG_WARN_SUSPICIOUS_MOVE = YES;
				CLANG_WARN_UNGUARDED_AVAILABILITY = YES_AGGRESSIVE;
				CLANG_WARN_UNREACHABLE_CODE = YES;
				CLANG_WARN__DUPLICATE_METHOD_MATCH = YES;
				COPY_PHASE_STRIP = NO;
				DEBUG_INFORMATION_FORMAT = dwarf;
				ENABLE_STRICT_OBJC_MSGSEND = YES;
				ENABLE_TESTABILITY = YES;
				ENABLE_USER_SCRIPT_SANDBOXING = YES;
				GCC_C_LANGUAGE_STANDARD = gnu17;
				GCC_DYNAMIC_NO_PIC = NO;
				GCC_NO_COMMON_BLOCKS = YES;
				GCC_OPTIMIZATION_LEVEL = 0;
				GCC_PREPROCESSOR_DEFINITIONS = (
					"DEBUG=1",
					"$(inherited)",
				);
				GCC_WARN_64_TO_32_BIT_CONVERSION = YES;
				GCC_WARN_ABOUT_RETURN_TYPE = YES_ERROR;
				GCC_WARN_UNDECLARED_SELECTOR = YES;
				GCC_WARN_UNINITIALIZED_AUTOS = YES_AGGRESSIVE;
				GCC_WARN_UNUSED_FUNCTION = YES;
				GCC_WARN_UNUSED_VARIABLE = YES;
				IPHONEOS_DEPLOYMENT_TARGET = 17.5;
				LOCALIZATION_PREFERS_STRING_CATALOGS = YES;
				MTL_ENABLE_DEBUG_INFO = INCLUDE_SOURCE;
				MTL_FAST_MATH = YES;
				ONLY_ACTIVE_ARCH = YES;
				SDKROOT = iphoneos;
				SWIFT_ACTIVE_COMPILATION_CONDITIONS = "DEBUG $(inherited)";
				SWIFT_OPTIMIZATION_LEVEL = "-Onone";
			};
			name = Debug;
		};
		BD6A01BE2C120CDE005A4B9D /* Release */ = {
			isa = XCBuildConfiguration;
			buildSettings = {
				ALWAYS_SEARCH_USER_PATHS = NO;
				ASSETCATALOG_COMPILER_GENERATE_SWIFT_ASSET_SYMBOL_EXTENSIONS = YES;
				CLANG_ANALYZER_NONNULL = YES;
				CLANG_ANALYZER_NUMBER_OBJECT_CONVERSION = YES_AGGRESSIVE;
				CLANG_CXX_LANGUAGE_STANDARD = "gnu++20";
				CLANG_ENABLE_MODULES = YES;
				CLANG_ENABLE_OBJC_ARC = YES;
				CLANG_ENABLE_OBJC_WEAK = YES;
				CLANG_WARN_BLOCK_CAPTURE_AUTORELEASING = YES;
				CLANG_WARN_BOOL_CONVERSION = YES;
				CLANG_WARN_COMMA = YES;
				CLANG_WARN_CONSTANT_CONVERSION = YES;
				CLANG_WARN_DEPRECATED_OBJC_IMPLEMENTATIONS = YES;
				CLANG_WARN_DIRECT_OBJC_ISA_USAGE = YES_ERROR;
				CLANG_WARN_DOCUMENTATION_COMMENTS = YES;
				CLANG_WARN_EMPTY_BODY = YES;
				CLANG_WARN_ENUM_CONVERSION = YES;
				CLANG_WARN_INFINITE_RECURSION = YES;
				CLANG_WARN_INT_CONVERSION = YES;
				CLANG_WARN_NON_LITERAL_NULL_CONVERSION = YES;
				CLANG_WARN_OBJC_IMPLICIT_RETAIN_SELF = YES;
				CLANG_WARN_OBJC_LITERAL_CONVERSION = YES;
				CLANG_WARN_OBJC_ROOT_CLASS = YES_ERROR;
				CLANG_WARN_QUOTED_INCLUDE_IN_FRAMEWORK_HEADER = YES;
				CLANG_WARN_RANGE_LOOP_ANALYSIS = YES;
				CLANG_WARN_STRICT_PROTOTYPES = YES;
				CLANG_WARN_SUSPICIOUS_MOVE = YES;
				CLANG_WARN_UNGUARDED_AVAILABILITY = YES_AGGRESSIVE;
				CLANG_WARN_UNREACHABLE_CODE = YES;
				CLANG_WARN__DUPLICATE_METHOD_MATCH = YES;
				COPY_PHASE_STRIP = NO;
				DEBUG_INFORMATION_FORMAT = "dwarf-with-dsym";
				ENABLE_NS_ASSERTIONS = NO;
				ENABLE_STRICT_OBJC_MSGSEND = YES;
				ENABLE_USER_SCRIPT_SANDBOXING = YES;
				GCC_C_LANGUAGE_STANDARD = gnu17;
				GCC_NO_COMMON_BLOCKS = YES;
				GCC_WARN_64_TO_32_BIT_CONVERSION = YES;
				GCC_WARN_ABOUT_RETURN_TYPE = YES_ERROR;
				GCC_WARN_UNDECLARED_SELECTOR = YES;
				GCC_WARN_UNINITIALIZED_AUTOS = YES_AGGRESSIVE;
				GCC_WARN_UNUSED_FUNCTION = YES;
				GCC_WARN_UNUSED_VARIABLE = YES;
				IPHONEOS_DEPLOYMENT_TARGET = 17.5;
				LOCALIZATION_PREFERS_STRING_CATALOGS = YES;
				MTL_ENABLE_DEBUG_INFO = NO;
				MTL_FAST_MATH = YES;
				SDKROOT = iphoneos;
				SWIFT_COMPILATION_MODE = wholemodule;
				VALIDATE_PRODUCT = YES;
			};
			name = Release;
		};
		BD6A01C02C120CDE005A4B9D /* Debug */ = {
			isa = XCBuildConfiguration;
			buildSettings = {
				ASSETCATALOG_COMPILER_APPICON_NAME = AppIcon;
				ASSETCATALOG_COMPILER_GLOBAL_ACCENT_COLOR_NAME = AccentColor;
				CODE_SIGN_STYLE = Automatic;
				CURRENT_PROJECT_VERSION = 1;
				DEVELOPMENT_ASSET_PATHS = "\"aboutMeApp/Preview Content\"";
				ENABLE_PREVIEWS = YES;
				GENERATE_INFOPLIST_FILE = YES;
				INFOPLIST_KEY_UIApplicationSceneManifest_Generation = YES;
				INFOPLIST_KEY_UIApplicationSupportsIndirectInputEvents = YES;
				INFOPLIST_KEY_UILaunchScreen_Generation = YES;
				INFOPLIST_KEY_UISupportedInterfaceOrientations_iPad = "UIInterfaceOrientationPortrait UIInterfaceOrientationPortraitUpsideDown UIInterfaceOrientationLandscapeLeft UIInterfaceOrientationLandscapeRight";
				INFOPLIST_KEY_UISupportedInterfaceOrientations_iPhone = "UIInterfaceOrientationPortrait UIInterfaceOrientationLandscapeLeft UIInterfaceOrientationLandscapeRight";
				LD_RUNPATH_SEARCH_PATHS = (
					"$(inherited)",
					"@executable_path/Frameworks",
				);
				MARKETING_VERSION = 1.0;
				PRODUCT_BUNDLE_IDENTIFIER = kwk.aboutMeApp;
				PRODUCT_NAME = "$(TARGET_NAME)";
				SWIFT_EMIT_LOC_STRINGS = YES;
				SWIFT_VERSION = 5.0;
				TARGETED_DEVICE_FAMILY = "1,2";
			};
			name = Debug;
		};
		BD6A01C12C120CDE005A4B9D /* Release */ = {
			isa = XCBuildConfiguration;
			buildSettings = {
				ASSETCATALOG_COMPILER_APPICON_NAME = AppIcon;
				ASSETCATALOG_COMPILER_GLOBAL_ACCENT_COLOR_NAME = AccentColor;
				CODE_SIGN_STYLE = Automatic;
				CURRENT_PROJECT_VERSION = 1;
				DEVELOPMENT_ASSET_PATHS = "\"aboutMeApp/Preview Content\"";
				ENABLE_PREVIEWS = YES;
				GENERATE_INFOPLIST_FILE = YES;
				INFOPLIST_KEY_UIApplicationSceneManifest_Generation = YES;
				INFOPLIST_KEY_UIApplicationSupportsIndirectInputEvents = YES;
				INFOPLIST_KEY_UILaunchScreen_Generation = YES;
				INFOPLIST_KEY_UISupportedInterfaceOrientations_iPad = "UIInterfaceOrientationPortrait UIInterfaceOrientationPortraitUpsideDown UIInterfaceOrientationLandscapeLeft UIInterfaceOrientationLandscapeRight";
				INFOPLIST_KEY_UISupportedInterfaceOrientations_iPhone = "UIInterfaceOrientationPortrait UIInterfaceOrientationLandscapeLeft UIInterfaceOrientationLandscapeRight";
				LD_RUNPATH_SEARCH_PATHS = (
					"$(inherited)",
					"@executable_path/Frameworks",
				);
				MARKETING_VERSION = 1.0;
				PRODUCT_BUNDLE_IDENTIFIER = kwk.aboutMeApp;
				PRODUCT_NAME = "$(TARGET_NAME)";
				SWIFT_EMIT_LOC_STRINGS = YES;
				SWIFT_VERSION = 5.0;
				TARGETED_DEVICE_FAMILY = "1,2";
			};
			name = Release;
		};
		BD6A01C32C120CDE005A4B9D /* Debug */ = {
			isa = XCBuildConfiguration;
			buildSettings = {
				ALWAYS_EMBED_SWIFT_STANDARD_LIBRARIES = YES;
				BUNDLE_LOADER = "$(TEST_HOST)";
				CODE_SIGN_STYLE = Automatic;
				CURRENT_PROJECT_VERSION = 1;
				GENERATE_INFOPLIST_FILE = YES;
				IPHONEOS_DEPLOYMENT_TARGET = 17.5;
				MARKETING_VERSION = 1.0;
				PRODUCT_BUNDLE_IDENTIFIER = kwk.aboutMeAppTests;
				PRODUCT_NAME = "$(TARGET_NAME)";
				SWIFT_EMIT_LOC_STRINGS = NO;
				SWIFT_VERSION = 5.0;
				TARGETED_DEVICE_FAMILY = "1,2";
				TEST_HOST = "$(BUILT_PRODUCTS_DIR)/aboutMeApp.app/$(BUNDLE_EXECUTABLE_FOLDER_PATH)/aboutMeApp";
			};
			name = Debug;
		};
		BD6A01C42C120CDE005A4B9D /* Release */ = {
			isa = XCBuildConfiguration;
			buildSettings = {
				ALWAYS_EMBED_SWIFT_STANDARD_LIBRARIES = YES;
				BUNDLE_LOADER = "$(TEST_HOST)";
				CODE_SIGN_STYLE = Automatic;
				CURRENT_PROJECT_VERSION = 1;
				GENERATE_INFOPLIST_FILE = YES;
				IPHONEOS_DEPLOYMENT_TARGET = 17.5;
				MARKETING_VERSION = 1.0;
				PRODUCT_BUNDLE_IDENTIFIER = kwk.aboutMeAppTests;
				PRODUCT_NAME = "$(TARGET_NAME)";
				SWIFT_EMIT_LOC_STRINGS = NO;
				SWIFT_VERSION = 5.0;
				TARGETED_DEVICE_FAMILY = "1,2";
				TEST_HOST = "$(BUILT_PRODUCTS_DIR)/aboutMeApp.app/$(BUNDLE_EXECUTABLE_FOLDER_PATH)/aboutMeApp";
			};
			name = Release;
		};
		BD6A01C62C120CDE005A4B9D /* Debug */ = {
			isa = XCBuildConfiguration;
			buildSettings = {
				ALWAYS_EMBED_SWIFT_STANDARD_LIBRARIES = YES;
				CODE_SIGN_STYLE = Automatic;
				CURRENT_PROJECT_VERSION = 1;
				GENERATE_INFOPLIST_FILE = YES;
				MARKETING_VERSION = 1.0;
				PRODUCT_BUNDLE_IDENTIFIER = kwk.aboutMeAppUITests;
				PRODUCT_NAME = "$(TARGET_NAME)";
				SWIFT_EMIT_LOC_STRINGS = NO;
				SWIFT_VERSION = 5.0;
				TARGETED_DEVICE_FAMILY = "1,2";
				TEST_TARGET_NAME = aboutMeApp;
			};
			name = Debug;
		};
		BD6A01C72C120CDE005A4B9D /* Release */ = {
			isa = XCBuildConfiguration;
			buildSettings = {
				ALWAYS_EMBED_SWIFT_STANDARD_LIBRARIES = YES;
				CODE_SIGN_STYLE = Automatic;
				CURRENT_PROJECT_VERSION = 1;
				GENERATE_INFOPLIST_FILE = YES;
				MARKETING_VERSION = 1.0;
				PRODUCT_BUNDLE_IDENTIFIER = kwk.aboutMeAppUITests;
				PRODUCT_NAME = "$(TARGET_NAME)";
				SWIFT_EMIT_LOC_STRINGS = NO;
				SWIFT_VERSION = 5.0;
				TARGETED_DEVICE_FAMILY = "1,2";
				TEST_TARGET_NAME = aboutMeApp;
			};
			name = Release;
		};
/* End XCBuildConfiguration section */

/* Begin XCConfigurationList section */
		BD6A01962C120CDC005A4B9D /* Build configuration list for PBXProject "aboutMeApp" */ = {
			isa = XCConfigurationList;
			buildConfigurations = (
				BD6A01BD2C120CDE005A4B9D /* Debug */,
				BD6A01BE2C120CDE005A4B9D /* Release */,
			);
			defaultConfigurationIsVisible = 0;
			defaultConfigurationName = Release;
		};
		BD6A01BF2C120CDE005A4B9D /* Build configuration list for PBXNativeTarget "aboutMeApp" */ = {
			isa = XCConfigurationList;
			buildConfigurations = (
				BD6A01C02C120CDE005A4B9D /* Debug */,
				BD6A01C12C120CDE005A4B9D /* Release */,
			);
			defaultConfigurationIsVisible = 0;
			defaultConfigurationName = Release;
		};
		BD6A01C22C120CDE005A4B9D /* Build configuration list for PBXNativeTarget "aboutMeAppTests" */ = {
			isa = XCConfigurationList;
			buildConfigurations = (
				BD6A01C32C120CDE005A4B9D /* Debug */,
				BD6A01C42C120CDE005A4B9D /* Release */,
			);
			defaultConfigurationIsVisible = 0;
			defaultConfigurationName = Release;
		};
		BD6A01C52C120CDE005A4B9D /* Build configuration list for PBXNativeTarget "aboutMeAppUITests" */ = {
			isa = XCConfigurationList;
			buildConfigurations = (
				BD6A01C62C120CDE005A4B9D /* Debug */,
				BD6A01C72C120CDE005A4B9D /* Release */,
			);
			defaultConfigurationIsVisible = 0;
			defaultConfigurationName = Release;
		};
/* End XCConfigurationList section */
	};
	rootObject = BD6A01932C120CDC005A4B9D /* Project object */;
}
